
Microsoft Visual Studio Solution File, Format Version 11.00
# Visual Studio 2010
Project("{FAE04EC0-301F-11D3-BF4B-00C04F79EFBC}") = "UnityEngine.UI", "UnityEngine.UI.csproj", "{91d2e596-d733-b608-1b30-83417414fa1f}"
EndProject
Project("{FAE04EC0-301F-11D3-BF4B-00C04F79EFBC}") = "UnityEngine.TestRunner", "UnityEngine.TestRunner.csproj", "{9c61b536-f95a-fd2c-4663-75192983eebd}"
EndProject
Project("{FAE04EC0-301F-11D3-BF4B-00C04F79EFBC}") = "Unity.Timeline", "Unity.Timeline.csproj", "{e7144d42-45e0-7453-c97d-085e7a4527c5}"
EndProject
Project("{FAE04EC0-301F-11D3-BF4B-00C04F79EFBC}") = "Unity.TextMeshPro", "Unity.TextMeshPro.csproj", "{0f14fe4d-0f32-2e4a-7004-d514d36d68fe}"
EndProject
Project("{FAE04EC0-301F-11D3-BF4B-00C04F79EFBC}") = "UnityEditor.TestRunner", "UnityEditor.TestRunner.csproj", "{91d1eb4b-febe-d9b4-a8cd-9f999d0e1c3e}"
EndProject
Project("{FAE04EC0-301F-11D3-BF4B-00C04F79EFBC}") = "Unity.PlasticSCM.Editor", "Unity.PlasticSCM.Editor.csproj", "{ad18de8a-6880-d2ed-b979-998359620872}"
EndProject
Project("{FAE04EC0-301F-11D3-BF4B-00C04F79EFBC}") = "UnityEditor.UI", "UnityEditor.UI.csproj", "{eabb327a-1c9c-d0cd-69ba-96a00c2dbc31}"
EndProject
Project("{FAE04EC0-301F-11D3-BF4B-00C04F79EFBC}") = "Unity.Services.Core.Editor", "Unity.Services.Core.Editor.csproj", "{ca2d159b-0a56-72bb-82f0-6301aae94558}"
EndProject
Project("{FAE04EC0-301F-11D3-BF4B-00C04F79EFBC}") = "Unity.Timeline.Editor", "Unity.Timeline.Editor.csproj", "{d14ba34f-922f-1b89-e898-a726875f0c4b}"
EndProject
Project("{FAE04EC0-301F-11D3-BF4B-00C04F79EFBC}") = "Unity.VisualStudio.Editor", "Unity.VisualStudio.Editor.csproj", "{06f127e5-0a31-b786-25d4-ea8df9c326c7}"
EndProject
Project("{FAE04EC0-301F-11D3-BF4B-00C04F79EFBC}") = "Unity.TextMeshPro.Editor", "Unity.TextMeshPro.Editor.csproj", "{f7533467-6f47-d0f4-4e56-363157738755}"
EndProject
Project("{FAE04EC0-301F-11D3-BF4B-00C04F79EFBC}") = "Unity.CollabProxy.Editor", "Unity.CollabProxy.Editor.csproj", "{0c9b4e7f-e74f-119a-2b83-aa41583e6367}"
EndProject
Project("{FAE04EC0-301F-11D3-BF4B-00C04F79EFBC}") = "Unity.Rider.Editor", "Unity.Rider.Editor.csproj", "{b654b041-0f4a-befb-f592-45bc2dd49c10}"
EndProject
Project("{FAE04EC0-301F-11D3-BF4B-00C04F79EFBC}") = "Unity.VSCode.Editor", "Unity.VSCode.Editor.csproj", "{a1c5189d-6b35-f38c-49c9-4a5422cb10c4}"
EndProject
Project("{FAE04EC0-301F-11D3-BF4B-00C04F79EFBC}") = "UnityEngine.UI", "UnityEngine.UI.Player.csproj", "{bdfec365-4777-cbb8-d072-80e6f8274ed4}"
EndProject
Project("{FAE04EC0-301F-11D3-BF4B-00C04F79EFBC}") = "UnityEngine.TestRunner", "UnityEngine.TestRunner.Player.csproj", "{4ad21340-2726-90ed-93dc-561695d97f3f}"
EndProject
Project("{FAE04EC0-301F-11D3-BF4B-00C04F79EFBC}") = "Unity.Timeline", "Unity.Timeline.Player.csproj", "{59a7d8bd-de66-dab3-0aa8-2ae89e255dcd}"
EndProject
Project("{FAE04EC0-301F-11D3-BF4B-00C04F79EFBC}") = "Unity.TextMeshPro", "Unity.TextMeshPro.Player.csproj", "{24a03563-0d4f-4aa5-416e-51168c4ac3f5}"
EndProject
Global
	GlobalSection(SolutionConfigurationPlatforms) = preSolution
		Debug|Any CPU = Debug|Any CPU
		Release|Any CPU = Release|Any CPU
	EndGlobalSection
	GlobalSection(ProjectConfigurationPlatforms) = postSolution
		{91d2e596-d733-b608-1b30-83417414fa1f}.Debug|Any CPU.ActiveCfg = Debug|Any CPU
		{91d2e596-d733-b608-1b30-83417414fa1f}.Debug|Any CPU.Build.0 = Debug|Any CPU
		{91d2e596-d733-b608-1b30-83417414fa1f}.Release|Any CPU.ActiveCfg = Release|Any CPU
		{91d2e596-d733-b608-1b30-83417414fa1f}.Release|Any CPU.Build.0 = Release|Any CPU
		{9c61b536-f95a-fd2c-4663-75192983eebd}.Debug|Any CPU.ActiveCfg = Debug|Any CPU
		{9c61b536-f95a-fd2c-4663-75192983eebd}.Debug|Any CPU.Build.0 = Debug|Any CPU
		{9c61b536-f95a-fd2c-4663-75192983eebd}.Release|Any CPU.ActiveCfg = Release|Any CPU
		{9c61b536-f95a-fd2c-4663-75192983eebd}.Release|Any CPU.Build.0 = Release|Any CPU
		{e7144d42-45e0-7453-c97d-085e7a4527c5}.Debug|Any CPU.ActiveCfg = Debug|Any CPU
		{e7144d42-45e0-7453-c97d-085e7a4527c5}.Debug|Any CPU.Build.0 = Debug|Any CPU
		{e7144d42-45e0-7453-c97d-085e7a4527c5}.Release|Any CPU.ActiveCfg = Release|Any CPU
		{e7144d42-45e0-7453-c97d-085e7a4527c5}.Release|Any CPU.Build.0 = Release|Any CPU
		{0f14fe4d-0f32-2e4a-7004-d514d36d68fe}.Debug|Any CPU.ActiveCfg = Debug|Any CPU
		{0f14fe4d-0f32-2e4a-7004-d514d36d68fe}.Debug|Any CPU.Build.0 = Debug|Any CPU
		{0f14fe4d-0f32-2e4a-7004-d514d36d68fe}.Release|Any CPU.ActiveCfg = Release|Any CPU
		{0f14fe4d-0f32-2e4a-7004-d514d36d68fe}.Release|Any CPU.Build.0 = Release|Any CPU
		{91d1eb4b-febe-d9b4-a8cd-9f999d0e1c3e}.Debug|Any CPU.ActiveCfg = Debug|Any CPU
		{91d1eb4b-febe-d9b4-a8cd-9f999d0e1c3e}.Debug|Any CPU.Build.0 = Debug|Any CPU
		{91d1eb4b-febe-d9b4-a8cd-9f999d0e1c3e}.Release|Any CPU.ActiveCfg = Release|Any CPU
		{91d1eb4b-febe-d9b4-a8cd-9f999d0e1c3e}.Release|Any CPU.Build.0 = Release|Any CPU
		{ad18de8a-6880-d2ed-b979-998359620872}.Debug|Any CPU.ActiveCfg = Debug|Any CPU
		{ad18de8a-6880-d2ed-b979-998359620872}.Debug|Any CPU.Build.0 = Debug|Any CPU
		{ad18de8a-6880-d2ed-b979-998359620872}.Release|Any CPU.ActiveCfg = Release|Any CPU
		{ad18de8a-6880-d2ed-b979-998359620872}.Release|Any CPU.Build.0 = Release|Any CPU
		{eabb327a-1c9c-d0cd-69ba-96a00c2dbc31}.Debug|Any CPU.ActiveCfg = Debug|Any CPU
		{eabb327a-1c9c-d0cd-69ba-96a00c2dbc31}.Debug|Any CPU.Build.0 = Debug|Any CPU
		{eabb327a-1c9c-d0cd-69ba-96a00c2dbc31}.Release|Any CPU.ActiveCfg = Release|Any CPU
		{eabb327a-1c9c-d0cd-69ba-96a00c2dbc31}.Release|Any CPU.Build.0 = Release|Any CPU
		{ca2d159b-0a56-72bb-82f0-6301aae94558}.Debug|Any CPU.ActiveCfg = Debug|Any CPU
		{ca2d159b-0a56-72bb-82f0-6301aae94558}.Debug|Any CPU.Build.0 = Debug|Any CPU
		{ca2d159b-0a56-72bb-82f0-6301aae94558}.Release|Any CPU.ActiveCfg = Release|Any CPU
		{ca2d159b-0a56-72bb-82f0-6301aae94558}.Release|Any CPU.Build.0 = Release|Any CPU
		{d14ba34f-922f-1b89-e898-a726875f0c4b}.Debug|Any CPU.ActiveCfg = Debug|Any CPU
		{d14ba34f-922f-1b89-e898-a726875f0c4b}.Debug|Any CPU.Build.0 = Debug|Any CPU
		{d14ba34f-922f-1b89-e898-a726875f0c4b}.Release|Any CPU.ActiveCfg = Release|Any CPU
		{d14ba34f-922f-1b89-e898-a726875f0c4b}.Release|Any CPU.Build.0 = Release|Any CPU
		{06f127e5-0a31-b786-25d4-ea8df9c326c7}.Debug|Any CPU.ActiveCfg = Debug|Any CPU
		{06f127e5-0a31-b786-25d4-ea8df9c326c7}.Debug|Any CPU.Build.0 = Debug|Any CPU
		{06f127e5-0a31-b786-25d4-ea8df9c326c7}.Release|Any CPU.ActiveCfg = Release|Any CPU
		{06f127e5-0a31-b786-25d4-ea8df9c326c7}.Release|Any CPU.Build.0 = Release|Any CPU
		{f7533467-6f47-d0f4-4e56-363157738755}.Debug|Any CPU.ActiveCfg = Debug|Any CPU
		{f7533467-6f47-d0f4-4e56-363157738755}.Debug|Any CPU.Build.0 = Debug|Any CPU
		{f7533467-6f47-d0f4-4e56-363157738755}.Release|Any CPU.ActiveCfg = Release|Any CPU
		{f7533467-6f47-d0f4-4e56-363157738755}.Release|Any CPU.Build.0 = Release|Any CPU
		{0c9b4e7f-e74f-119a-2b83-aa41583e6367}.Debug|Any CPU.ActiveCfg = Debug|Any CPU
		{0c9b4e7f-e74f-119a-2b83-aa41583e6367}.Debug|Any CPU.Build.0 = Debug|Any CPU
		{0c9b4e7f-e74f-119a-2b83-aa41583e6367}.Release|Any CPU.ActiveCfg = Release|Any CPU
		{0c9b4e7f-e74f-119a-2b83-aa41583e6367}.Release|Any CPU.Build.0 = Release|Any CPU
		{b654b041-0f4a-befb-f592-45bc2dd49c10}.Debug|Any CPU.ActiveCfg = Debug|Any CPU
		{b654b041-0f4a-befb-f592-45bc2dd49c10}.Debug|Any CPU.Build.0 = Debug|Any CPU
		{b654b041-0f4a-befb-f592-45bc2dd49c10}.Release|Any CPU.ActiveCfg = Release|Any CPU
		{b654b041-0f4a-befb-f592-45bc2dd49c10}.Release|Any CPU.Build.0 = Release|Any CPU
		{a1c5189d-6b35-f38c-49c9-4a5422cb10c4}.Debug|Any CPU.ActiveCfg = Debug|Any CPU
		{a1c5189d-6b35-f38c-49c9-4a5422cb10c4}.Debug|Any CPU.Build.0 = Debug|Any CPU
		{a1c5189d-6b35-f38c-49c9-4a5422cb10c4}.Release|Any CPU.ActiveCfg = Release|Any CPU
		{a1c5189d-6b35-f38c-49c9-4a5422cb10c4}.Release|Any CPU.Build.0 = Release|Any CPU
		{bdfec365-4777-cbb8-d072-80e6f8274ed4}.Debug|Any CPU.ActiveCfg = Debug|Any CPU
		{bdfec365-4777-cbb8-d072-80e6f8274ed4}.Debug|Any CPU.Build.0 = Debug|Any CPU
		{bdfec365-4777-cbb8-d072-80e6f8274ed4}.Release|Any CPU.ActiveCfg = Release|Any CPU
		{bdfec365-4777-cbb8-d072-80e6f8274ed4}.Release|Any CPU.Build.0 = Release|Any CPU
		{4ad21340-2726-90ed-93dc-561695d97f3f}.Debug|Any CPU.ActiveCfg = Debug|Any CPU
		{4ad21340-2726-90ed-93dc-561695d97f3f}.Debug|Any CPU.Build.0 = Debug|Any CPU
		{4ad21340-2726-90ed-93dc-561695d97f3f}.Release|Any CPU.ActiveCfg = Release|Any CPU
		{4ad21340-2726-90ed-93dc-561695d97f3f}.Release|Any CPU.Build.0 = Release|Any CPU
		{59a7d8bd-de66-dab3-0aa8-2ae89e255dcd}.Debug|Any CPU.ActiveCfg = Debug|Any CPU
		{59a7d8bd-de66-dab3-0aa8-2ae89e255dcd}.Debug|Any CPU.Build.0 = Debug|Any CPU
		{59a7d8bd-de66-dab3-0aa8-2ae89e255dcd}.Release|Any CPU.ActiveCfg = Release|Any CPU
		{59a7d8bd-de66-dab3-0aa8-2ae89e255dcd}.Release|Any CPU.Build.0 = Release|Any CPU
		{24a03563-0d4f-4aa5-416e-51168c4ac3f5}.Debug|Any CPU.ActiveCfg = Debug|Any CPU
		{24a03563-0d4f-4aa5-416e-51168c4ac3f5}.Debug|Any CPU.Build.0 = Debug|Any CPU
		{24a03563-0d4f-4aa5-416e-51168c4ac3f5}.Release|Any CPU.ActiveCfg = Release|Any CPU
		{24a03563-0d4f-4aa5-416e-51168c4ac3f5}.Release|Any CPU.Build.0 = Release|Any CPU
	EndGlobalSection
	GlobalSection(SolutionProperties) = preSolution
		HideSolutionNode = FALSE
	EndGlobalSection
EndGlobal
